PODS:
  - deriv_passkeys (0.0.1):
    - Flutter
  - Flutter (1.0.0)

DEPENDENCIES:
  - deriv_passkeys (from `.symlinks/plugins/deriv_passkeys/ios`)
  - Flutter (from `Flutter`)

EXTERNAL SOURCES:
  deriv_passkeys:
    :path: ".symlinks/plugins/deriv_passkeys/ios"
  Flutter:
    :path: Flutter

SPEC CHECKSUMS:
  deriv_passkeys: fadd039a48bae6f15ba8b955481a0f8f2b5bdede
  Flutter: f04841e97a9d0b0a8025694d0796dd46242b2854

PODFILE CHECKSUM: 0e525152e3ec397947996fbf92d176f885bd8b2a

COCOAPODS: 1.14.3
