PODS:
  - deriv_api_key_provider (0.0.1):
    - Flutter
  - Flutter (1.0.0)
  - package_info (0.0.1):
    - Flutter

DEPENDENCIES:
  - deriv_api_key_provider (from `.symlinks/plugins/deriv_api_key_provider/ios`)
  - Flutter (from `Flutter`)
  - package_info (from `.symlinks/plugins/package_info/ios`)

EXTERNAL SOURCES:
  deriv_api_key_provider:
    :path: ".symlinks/plugins/deriv_api_key_provider/ios"
  Flutter:
    :path: Flutter
  package_info:
    :path: ".symlinks/plugins/package_info/ios"

SPEC CHECKSUMS:
  deriv_api_key_provider: a3d1dcffdbe664b8be255b9854cef38c66f410c2
  Flutter: f04841e97a9d0b0a8025694d0796dd46242b2854
  package_info: 873975fc26034f0b863a300ad47e7f1ac6c7ec62

PODFILE CHECKSUM: ef19549a9bc3046e7bb7d2fab4d021637c0c58a3

COCOAPODS: 1.11.3
