PODS:
  - deriv_survicate (0.0.1):
    - Flutter
    - Survicate (= 1.4.3)
  - Flutter (1.0.0)
  - Survicate (1.4.3)

DEPENDENCIES:
  - deriv_survicate (from `.symlinks/plugins/deriv_survicate/ios`)
  - Flutter (from `Flutter`)

SPEC REPOS:
  trunk:
    - Survicate

EXTERNAL SOURCES:
  deriv_survicate:
    :path: ".symlinks/plugins/deriv_survicate/ios"
  Flutter:
    :path: Flutter

SPEC CHECKSUMS:
  deriv_survicate: b8965fd00cbabd5d4b7cff6428b6da8dbf89c152
  Flutter: f04841e97a9d0b0a8025694d0796dd46242b2854
  Survicate: 04532a609cba1961879416d0268390196efe2979

PODFILE CHECKSUM: ef19549a9bc3046e7bb7d2fab4d021637c0c58a3

COCOAPODS: 1.11.3
