PODS:
  - deriv_rudderstack (1.0.0):
    - Flutter
    - Rudder (~> 1.1.0)
  - Flutter (1.0.0)
  - Rudder (1.1.5)

DEPENDENCIES:
  - deriv_rudderstack (from `.symlinks/plugins/deriv_rudderstack/ios`)
  - Flutter (from `Flutter`)
  - Rudder

SPEC REPOS:
  trunk:
    - Rudder

EXTERNAL SOURCES:
  deriv_rudderstack:
    :path: ".symlinks/plugins/deriv_rudderstack/ios"
  Flutter:
    :path: Flutter

SPEC CHECKSUMS:
  deriv_rudderstack: a41dc7df56a81fa2c57c41d201176bdbd374a8c1
  Flutter: 50d75fe2f02b26cc09d224853bb45737f8b3214a
  Rudder: ef9240308583b37ee163f69e1bb24b8e6b5ce69b

PODFILE CHECKSUM: 8ca277140dd00f2e5d0cecb67f8345cf6f9ad64c

COCOAPODS: 1.12.1
