PODS:
  - Flutter (1.0.0)
  - MetricsReporter (1.1.1):
    - RSCrashReporter (= 1.0.0)
    - RudderKit (= 1.4.0)
  - RSCrashReporter (1.0.0)
  - Rudder (1.22.0):
    - MetricsReporter (= 1.1.1)
  - rudder_plugin_ios (0.0.1):
    - Flutter
    - Rudder (< 2.0.0, >= 1.20.0)
  - RudderKit (1.4.0)

DEPENDENCIES:
  - Flutter (from `Flutter`)
  - rudder_plugin_ios (from `.symlinks/plugins/rudder_plugin_ios/ios`)

SPEC REPOS:
  trunk:
    - MetricsReporter
    - RSCrashReporter
    - Rudder
    - RudderKit

EXTERNAL SOURCES:
  Flutter:
    :path: Flutter
  rudder_plugin_ios:
    :path: ".symlinks/plugins/rudder_plugin_ios/ios"

SPEC CHECKSUMS:
  Flutter: f04841e97a9d0b0a8025694d0796dd46242b2854
  MetricsReporter: 759631361ffd2b8f0d375b1225c8a631311f6da2
  RSCrashReporter: e9ccaebd996263f8325a6cbef44ff74aa5f58e30
  Rudder: 2ba2921e48264533782310798c0f7b14bfbe42ec
  rudder_plugin_ios: 04662d54ab52c6265b5effb50ad5eb748ea0322d
  RudderKit: f272f9872183946452ac94cd7bb2244a71e6ca8f

PODFILE CHECKSUM: 1959d098c91d8a792531a723c4a9d7e9f6a01e38

COCOAPODS: 1.10.2
